
Microsoft Visual Studio Solution File, Format Version 12.00
# Visual Studio Version 17
VisualStudioVersion = 17.5.002.0
MinimumVisualStudioVersion = 10.0.40219.1
Project("{9A19103F-16F7-4668-BE54-9A1E7A4F7556}") = "ADO Project", "ADO Project.csproj", "{E914251C-DD99-4AFB-9828-26F8C635CED2}"
EndProject
Global
	GlobalSection(SolutionConfigurationPlatforms) = preSolution
		Debug|Any CPU = Debug|Any CPU
		Release|Any CPU = Release|Any CPU
	EndGlobalSection
	GlobalSection(ProjectConfigurationPlatforms) = postSolution
		{E914251C-DD99-4AFB-9828-26F8C635CED2}.Debug|Any CPU.ActiveCfg = Debug|Any CPU
		{E914251C-DD99-4AFB-9828-26F8C635CED2}.Debug|Any CPU.Build.0 = Debug|Any CPU
		{E914251C-DD99-4AFB-9828-26F8C635CED2}.Release|Any CPU.ActiveCfg = Release|Any CPU
		{E914251C-DD99-4AFB-9828-26F8C635CED2}.Release|Any CPU.Build.0 = Release|Any CPU
	EndGlobalSection
	GlobalSection(SolutionProperties) = preSolution
		HideSolutionNode = FALSE
	EndGlobalSection
	GlobalSection(ExtensibilityGlobals) = postSolution
		SolutionGuid = {090DE754-2EF5-4D21-8E2B-C77E73522D47}
	EndGlobalSection
EndGlobal
